
Microsoft Visual Studio Solution File, Format Version 12.00
# Visual Studio Version 16
VisualStudioVersion = 16.0.32802.440
MinimumVisualStudioVersion = 10.0.40219.1
Project("{FAE04EC0-301F-11D3-BF4B-00C04F79EFBC}") = "Client", "Client\Client.csproj", "{EE1C56B3-A025-47BF-8BE1-9C91C06D818C}"
EndProject
Global
	GlobalSection(SolutionConfigurationPlatforms) = preSolution
		Debug|Any CPU = Debug|Any CPU
		Release|Any CPU = Release|Any CPU
	EndGlobalSection
	GlobalSection(ProjectConfigurationPlatforms) = postSolution
		{EE1C56B3-A025-47BF-8BE1-9C91C06D818C}.Debug|Any CPU.ActiveCfg = Debug|Any CPU
		{EE1C56B3-A025-47BF-8BE1-9C91C06D818C}.Debug|Any CPU.Build.0 = Debug|Any CPU
		{EE1C56B3-A025-47BF-8BE1-9C91C06D818C}.Release|Any CPU.ActiveCfg = Release|Any CPU
		{EE1C56B3-A025-47BF-8BE1-9C91C06D818C}.Release|Any CPU.Build.0 = Release|Any CPU
	EndGlobalSection
	GlobalSection(SolutionProperties) = preSolution
		HideSolutionNode = FALSE
	EndGlobalSection
	GlobalSection(ExtensibilityGlobals) = postSolution
		SolutionGuid = {A84F8C54-962E-408F-9659-E217629580C4}
	EndGlobalSection
EndGlobal
