
Microsoft Visual Studio Solution File, Format Version 12.00
# Visual Studio Version 16
VisualStudioVersion = 16.0.32126.315
MinimumVisualStudioVersion = 10.0.40219.1
Project("{FAE04EC0-301F-11D3-BF4B-00C04F79EFBC}") = "Client", "Client\Client.csproj", "{0F43ACE3-2379-4F48-A20E-15F9443116A0}"
EndProject
Global
	GlobalSection(SolutionConfigurationPlatforms) = preSolution
		Debug|Any CPU = Debug|Any CPU
		Release|Any CPU = Release|Any CPU
	EndGlobalSection
	GlobalSection(ProjectConfigurationPlatforms) = postSolution
		{0F43ACE3-2379-4F48-A20E-15F9443116A0}.Debug|Any CPU.ActiveCfg = Debug|Any CPU
		{0F43ACE3-2379-4F48-A20E-15F9443116A0}.Debug|Any CPU.Build.0 = Debug|Any CPU
		{0F43ACE3-2379-4F48-A20E-15F9443116A0}.Release|Any CPU.ActiveCfg = Release|Any CPU
		{0F43ACE3-2379-4F48-A20E-15F9443116A0}.Release|Any CPU.Build.0 = Release|Any CPU
	EndGlobalSection
	GlobalSection(SolutionProperties) = preSolution
		HideSolutionNode = FALSE
	EndGlobalSection
	GlobalSection(ExtensibilityGlobals) = postSolution
		SolutionGuid = {04F528E8-AC41-4AF7-959D-8C8B09408C65}
	EndGlobalSection
EndGlobal
