
Microsoft Visual Studio Solution File, Format Version 12.00
# Visual Studio Version 16
VisualStudioVersion = 16.0.32002.261
MinimumVisualStudioVersion = 10.0.40219.1
Project("{FAE04EC0-301F-11D3-BF4B-00C04F79EFBC}") = "TermianlBot", "TermianlBot\TermianlBot.csproj", "{CA143EDE-96AF-4DE4-9FDE-BE4F2BED3FE1}"
EndProject
Global
	GlobalSection(SolutionConfigurationPlatforms) = preSolution
		Debug|Any CPU = Debug|Any CPU
		LauncherBot|Any CPU = LauncherBot|Any CPU
		Release|Any CPU = Release|Any CPU
	EndGlobalSection
	GlobalSection(ProjectConfigurationPlatforms) = postSolution
		{CA143EDE-96AF-4DE4-9FDE-BE4F2BED3FE1}.Debug|Any CPU.ActiveCfg = Debug|Any CPU
		{CA143EDE-96AF-4DE4-9FDE-BE4F2BED3FE1}.Debug|Any CPU.Build.0 = Debug|Any CPU
		{CA143EDE-96AF-4DE4-9FDE-BE4F2BED3FE1}.LauncherBot|Any CPU.ActiveCfg = LauncherBot|Any CPU
		{CA143EDE-96AF-4DE4-9FDE-BE4F2BED3FE1}.LauncherBot|Any CPU.Build.0 = LauncherBot|Any CPU
		{CA143EDE-96AF-4DE4-9FDE-BE4F2BED3FE1}.Release|Any CPU.ActiveCfg = Release|Any CPU
		{CA143EDE-96AF-4DE4-9FDE-BE4F2BED3FE1}.Release|Any CPU.Build.0 = Release|Any CPU
	EndGlobalSection
	GlobalSection(SolutionProperties) = preSolution
		HideSolutionNode = FALSE
	EndGlobalSection
	GlobalSection(ExtensibilityGlobals) = postSolution
		SolutionGuid = {9705C853-0D34-4A45-8186-7DCF7DAAE464}
	EndGlobalSection
EndGlobal
